
Microsoft Visual Studio Solution File, Format Version 12.00
# Visual Studio Version 17
VisualStudioVersion = 17.12.35521.163
MinimumVisualStudioVersion = 10.0.40219.1
Project("{FAE04EC0-301F-11D3-BF4B-00C04F79EFBC}") = "Luval.SemanticModel", "Luval.SemanticModel\Luval.SemanticModel.csproj", "{1E40D0C8-B7ED-4E9E-9CDA-5702F1D6BF81}"
EndProject
Project("{FAE04EC0-301F-11D3-BF4B-00C04F79EFBC}") = "SemanticModelBuilder", "SemanticModelBuilder\SemanticModelBuilder.csproj", "{F8E5E89C-A516-49AC-A102-930C77F6276A}"
EndProject
Project("{FAE04EC0-301F-11D3-BF4B-00C04F79EFBC}") = "Luval.DbConnectionMate", "..\..\DbConnectionMate\src\Luval.DbConnectionMate\Luval.DbConnectionMate.csproj", "{A6D4A220-FE14-4AEB-AF39-1AA45B815620}"
EndProject
Project("{FAE04EC0-301F-11D3-BF4B-00C04F79EFBC}") = "Semantic.UI", "Semantic.UI\Semantic.UI.csproj", "{9A605D09-785D-46F2-A590-C7033590AC9C}"
EndProject
Global
	GlobalSection(SolutionConfigurationPlatforms) = preSolution
		Debug|Any CPU = Debug|Any CPU
		Release|Any CPU = Release|Any CPU
	EndGlobalSection
	GlobalSection(ProjectConfigurationPlatforms) = postSolution
		{1E40D0C8-B7ED-4E9E-9CDA-5702F1D6BF81}.Debug|Any CPU.ActiveCfg = Debug|Any CPU
		{1E40D0C8-B7ED-4E9E-9CDA-5702F1D6BF81}.Debug|Any CPU.Build.0 = Debug|Any CPU
		{1E40D0C8-B7ED-4E9E-9CDA-5702F1D6BF81}.Release|Any CPU.ActiveCfg = Release|Any CPU
		{1E40D0C8-B7ED-4E9E-9CDA-5702F1D6BF81}.Release|Any CPU.Build.0 = Release|Any CPU
		{F8E5E89C-A516-49AC-A102-930C77F6276A}.Debug|Any CPU.ActiveCfg = Debug|Any CPU
		{F8E5E89C-A516-49AC-A102-930C77F6276A}.Debug|Any CPU.Build.0 = Debug|Any CPU
		{F8E5E89C-A516-49AC-A102-930C77F6276A}.Release|Any CPU.ActiveCfg = Release|Any CPU
		{F8E5E89C-A516-49AC-A102-930C77F6276A}.Release|Any CPU.Build.0 = Release|Any CPU
		{A6D4A220-FE14-4AEB-AF39-1AA45B815620}.Debug|Any CPU.ActiveCfg = Debug|Any CPU
		{A6D4A220-FE14-4AEB-AF39-1AA45B815620}.Debug|Any CPU.Build.0 = Debug|Any CPU
		{A6D4A220-FE14-4AEB-AF39-1AA45B815620}.Release|Any CPU.ActiveCfg = Release|Any CPU
		{A6D4A220-FE14-4AEB-AF39-1AA45B815620}.Release|Any CPU.Build.0 = Release|Any CPU
		{9A605D09-785D-46F2-A590-C7033590AC9C}.Debug|Any CPU.ActiveCfg = Debug|Any CPU
		{9A605D09-785D-46F2-A590-C7033590AC9C}.Debug|Any CPU.Build.0 = Debug|Any CPU
		{9A605D09-785D-46F2-A590-C7033590AC9C}.Release|Any CPU.ActiveCfg = Release|Any CPU
		{9A605D09-785D-46F2-A590-C7033590AC9C}.Release|Any CPU.Build.0 = Release|Any CPU
	EndGlobalSection
	GlobalSection(SolutionProperties) = preSolution
		HideSolutionNode = FALSE
	EndGlobalSection
EndGlobal
